
Microsoft Visual Studio Solution File, Format Version 12.00
# Visual Studio 15
VisualStudioVersion = 15.0.26124.0
MinimumVisualStudioVersion = 15.0.26124.0
Project("{FAE04EC0-301F-11D3-BF4B-00C04F79EFBC}") = "DSS_Platform_DotNetSDK.Lib", "DSS_Platform_DotNetSDK.Lib\DSS_Platform_DotNetSDK.Lib.csproj", "{DEE7F50C-F3B4-42AF-97FC-00DC025C2BAF}"
EndProject
Project("{FAE04EC0-301F-11D3-BF4B-00C04F79EFBC}") = "DSS_Platform_DotNetSDK.Control", "DSS_Platform_DotNetSDK.Control\DSS_Platform_DotNetSDK.Control.csproj", "{81CDB17F-BCF4-42E6-BCDB-A7BC2CC63D17}"
EndProject
Global
	GlobalSection(SolutionConfigurationPlatforms) = preSolution
		Debug|Any CPU = Debug|Any CPU
		Debug|x64 = Debug|x64
		Debug|x86 = Debug|x86
		Release|Any CPU = Release|Any CPU
		Release|x64 = Release|x64
		Release|x86 = Release|x86
	EndGlobalSection
	GlobalSection(SolutionProperties) = preSolution
		HideSolutionNode = FALSE
	EndGlobalSection
	GlobalSection(ProjectConfigurationPlatforms) = postSolution
		{DEE7F50C-F3B4-42AF-97FC-00DC025C2BAF}.Debug|Any CPU.ActiveCfg = Debug|Any CPU
		{DEE7F50C-F3B4-42AF-97FC-00DC025C2BAF}.Debug|Any CPU.Build.0 = Debug|Any CPU
		{DEE7F50C-F3B4-42AF-97FC-00DC025C2BAF}.Debug|x64.ActiveCfg = Debug|Any CPU
		{DEE7F50C-F3B4-42AF-97FC-00DC025C2BAF}.Debug|x64.Build.0 = Debug|Any CPU
		{DEE7F50C-F3B4-42AF-97FC-00DC025C2BAF}.Debug|x86.ActiveCfg = Debug|Any CPU
		{DEE7F50C-F3B4-42AF-97FC-00DC025C2BAF}.Debug|x86.Build.0 = Debug|Any CPU
		{DEE7F50C-F3B4-42AF-97FC-00DC025C2BAF}.Release|Any CPU.ActiveCfg = Release|Any CPU
		{DEE7F50C-F3B4-42AF-97FC-00DC025C2BAF}.Release|Any CPU.Build.0 = Release|Any CPU
		{DEE7F50C-F3B4-42AF-97FC-00DC025C2BAF}.Release|x64.ActiveCfg = Release|Any CPU
		{DEE7F50C-F3B4-42AF-97FC-00DC025C2BAF}.Release|x64.Build.0 = Release|Any CPU
		{DEE7F50C-F3B4-42AF-97FC-00DC025C2BAF}.Release|x86.ActiveCfg = Release|Any CPU
		{DEE7F50C-F3B4-42AF-97FC-00DC025C2BAF}.Release|x86.Build.0 = Release|Any CPU
		{81CDB17F-BCF4-42E6-BCDB-A7BC2CC63D17}.Debug|Any CPU.ActiveCfg = Debug|Any CPU
		{81CDB17F-BCF4-42E6-BCDB-A7BC2CC63D17}.Debug|Any CPU.Build.0 = Debug|Any CPU
		{81CDB17F-BCF4-42E6-BCDB-A7BC2CC63D17}.Debug|x64.ActiveCfg = Debug|Any CPU
		{81CDB17F-BCF4-42E6-BCDB-A7BC2CC63D17}.Debug|x64.Build.0 = Debug|Any CPU
		{81CDB17F-BCF4-42E6-BCDB-A7BC2CC63D17}.Debug|x86.ActiveCfg = Debug|Any CPU
		{81CDB17F-BCF4-42E6-BCDB-A7BC2CC63D17}.Debug|x86.Build.0 = Debug|Any CPU
		{81CDB17F-BCF4-42E6-BCDB-A7BC2CC63D17}.Release|Any CPU.ActiveCfg = Release|Any CPU
		{81CDB17F-BCF4-42E6-BCDB-A7BC2CC63D17}.Release|Any CPU.Build.0 = Release|Any CPU
		{81CDB17F-BCF4-42E6-BCDB-A7BC2CC63D17}.Release|x64.ActiveCfg = Release|Any CPU
		{81CDB17F-BCF4-42E6-BCDB-A7BC2CC63D17}.Release|x64.Build.0 = Release|Any CPU
		{81CDB17F-BCF4-42E6-BCDB-A7BC2CC63D17}.Release|x86.ActiveCfg = Release|Any CPU
		{81CDB17F-BCF4-42E6-BCDB-A7BC2CC63D17}.Release|x86.Build.0 = Release|Any CPU
	EndGlobalSection
EndGlobal
